<?xml version="1.0" encoding="utf-8"?>
<Project ToolsVersion="4.0" xmlns="http://schemas.microsoft.com/developer/msbuild/2003">
  <ItemGroup>
    <Filter Include="Source Files">
      <UniqueIdentifier>{4FC737F1-C7A5-4376-A066-2A32D752A2FF}</UniqueIdentifier>
      <Extensions>cpp;c;cc;cxx;def;odl;idl;hpj;bat;asm;asmx</Extensions>
    </Filter>
    <Filter Include="Header Files">
      <UniqueIdentifier>{93995380-89BD-4b04-88EB-625FBE52EBFB}</UniqueIdentifier>
      <Extensions>h;hh;hpp;hxx;hm;inl;inc;xsd</Extensions>
    </Filter>
    <Filter Include="Resource Files">
      <UniqueIdentifier>{67DA6AB6-F800-4c08-8B7A-83BB121AAD01}</UniqueIdentifier>
      <Extensions>rc;ico;cur;bmp;dlg;rc2;rct;bin;rgs;gif;jpg;jpeg;jpe;resx;tiff;tif;png;wav;mfcribbon-ms</Extensions>
    </Filter>
  </ItemGroup>
  <ItemGroup>
    <ClCompile Include="u_timer.cpp">
      <Filter>Source Files</Filter>
    </ClCompile>
    <ClCompile Include="u_exception.cpp">
      <Filter>Source Files</Filter>
    </ClCompile>
    <ClCompile Include="m_obj.cpp">
      <Filter>Source Files</Filter>
    </ClCompile>
    <ClCompile Include="m_ensemble_attribute.cpp">
      <Filter>Source Files</Filter>
    </ClCompile>
    <ClCompile Include="m_ensemble.cpp">
      <Filter>Source Files</Filter>
    </ClCompile>
    <ClCompile Include="main.cpp">
      <Filter>Source Files</Filter>
    </ClCompile>
    <ClCompile Include="m_domain_config.cpp">
      <Filter>Source Files</Filter>
    </ClCompile>
    <ClCompile Include="m_sort_ensemble.cpp">
      <Filter>Source Files</Filter>
    </ClCompile>
    <ClCompile Include="m_neighborhood_data.cpp">
      <Filter>Source Files</Filter>
    </ClCompile>
    <ClCompile Include="m_periodic_neighbor_data.cpp">
      <Filter>Source Files</Filter>
    </ClCompile>
    <ClCompile Include="m_contact_manager.cpp">
      <Filter>Source Files</Filter>
    </ClCompile>
    <ClCompile Include="m_meshfree_solver.cpp">
      <Filter>Source Files</Filter>
    </ClCompile>
    <ClCompile Include="m_compute_neighborhood.cpp">
      <Filter>Source Files</Filter>
    </ClCompile>
    <ClCompile Include="m_eulerian_compute.cpp">
      <Filter>Source Files</Filter>
    </ClCompile>
    <ClCompile Include="m_lagrangian_compute.cpp">
      <Filter>Source Files</Filter>
    </ClCompile>
    <ClCompile Include="m_shape.cpp">
      <Filter>Source Files</Filter>
    </ClCompile>
    <ClCompile Include="m_ensemble_creator.cpp">
      <Filter>Source Files</Filter>
    </ClCompile>
    <ClCompile Include="m_state_peridynamics.cpp">
      <Filter>Source Files</Filter>
    </ClCompile>
    <ClCompile Include="m_self_contact_manager.cpp">
      <Filter>Source Files</Filter>
    </ClCompile>
    <ClCompile Include="m_state_pd_jh2.cpp">
      <Filter>Source Files</Filter>
    </ClCompile>
    <ClCompile Include="m_neighborhood_test.cpp">
      <Filter>Source Files</Filter>
    </ClCompile>
    <ClCompile Include="m_meta_solver.cpp">
      <Filter>Source Files</Filter>
    </ClCompile>
    <ClCompile Include="m_meshfree_base.cpp">
      <Filter>Source Files</Filter>
    </ClCompile>
    <ClCompile Include="m_state_kl_model.cpp">
      <Filter>Source Files</Filter>
    </ClCompile>
    <ClCompile Include="m_collision_plate.cpp">
      <Filter>Source Files</Filter>
    </ClCompile>
    <ClCompile Include="m_rigid_body.cpp">
      <Filter>Source Files</Filter>
    </ClCompile>
    <ClCompile Include="m_model_vtk.cpp">
      <Filter>Source Files</Filter>
    </ClCompile>
  </ItemGroup>
  <ItemGroup>
    <ClInclude Include="u_timer.h">
      <Filter>Header Files</Filter>
    </ClInclude>
    <ClInclude Include="u_exception.h">
      <Filter>Header Files</Filter>
    </ClInclude>
    <ClInclude Include="m_obj.h">
      <Filter>Header Files</Filter>
    </ClInclude>
    <ClInclude Include="m_types.h">
      <Filter>Header Files</Filter>
    </ClInclude>
    <ClInclude Include="m_ensemble.h">
      <Filter>Header Files</Filter>
    </ClInclude>
    <ClInclude Include="m_ensemble_attribute.h">
      <Filter>Header Files</Filter>
    </ClInclude>
    <ClInclude Include="m_functions.h">
      <Filter>Header Files</Filter>
    </ClInclude>
    <ClInclude Include="m_domain_config.h">
      <Filter>Header Files</Filter>
    </ClInclude>
    <ClInclude Include="m_sort_ensemble.h">
      <Filter>Header Files</Filter>
    </ClInclude>
    <ClInclude Include="m_neighborhood_data.h">
      <Filter>Header Files</Filter>
    </ClInclude>
    <ClInclude Include="m_periodic_neighbor_data.h">
      <Filter>Header Files</Filter>
    </ClInclude>
    <ClInclude Include="m_eulerian_compute.h">
      <Filter>Header Files</Filter>
    </ClInclude>
    <ClInclude Include="m_lagrangian_compute.h">
      <Filter>Header Files</Filter>
    </ClInclude>
    <ClInclude Include="m_contact_manager.h">
      <Filter>Header Files</Filter>
    </ClInclude>
    <ClInclude Include="m_meshfree_solver.h">
      <Filter>Header Files</Filter>
    </ClInclude>
    <ClInclude Include="m_ensemble_creator.h">
      <Filter>Header Files</Filter>
    </ClInclude>
    <ClInclude Include="m_compute_neighborhood.h">
      <Filter>Header Files</Filter>
    </ClInclude>
    <ClInclude Include="m_shape.h">
      <Filter>Header Files</Filter>
    </ClInclude>
    <ClInclude Include="m_state_peridynamics.h">
      <Filter>Header Files</Filter>
    </ClInclude>
    <ClInclude Include="m_self_contact_manager.h">
      <Filter>Header Files</Filter>
    </ClInclude>
    <ClInclude Include="m_state_pd_jh2.h">
      <Filter>Header Files</Filter>
    </ClInclude>
    <ClInclude Include="m_neighborhood_test.h">
      <Filter>Header Files</Filter>
    </ClInclude>
    <ClInclude Include="m_meta_solver.h">
      <Filter>Header Files</Filter>
    </ClInclude>
    <ClInclude Include="m_state_kl_model.h">
      <Filter>Header Files</Filter>
    </ClInclude>
    <ClInclude Include="m_meshfree_base.h">
      <Filter>Header Files</Filter>
    </ClInclude>
    <ClInclude Include="m_collision_plate.h">
      <Filter>Header Files</Filter>
    </ClInclude>
    <ClInclude Include="m_rigid_body.h">
      <Filter>Header Files</Filter>
    </ClInclude>
    <ClInclude Include="m_solver_factory.h">
      <Filter>Header Files</Filter>
    </ClInclude>
    <ClInclude Include="m_model_vtk.h">
      <Filter>Header Files</Filter>
    </ClInclude>
  </ItemGroup>
</Project>